
Microsoft Visual Studio Solution File, Format Version 12.00
# Visual Studio Version 17
VisualStudioVersion = 17.2.32526.322
MinimumVisualStudioVersion = 10.0.40219.1
Project("{9A19103F-16F7-4668-BE54-9A1E7A4F7556}") = "SocialAI", "SocialAI\SocialAI.csproj", "{556CF584-B30E-4F6C-BCDE-57CAFA09D01D}"
EndProject
Project("{9A19103F-16F7-4668-BE54-9A1E7A4F7556}") = "SocialAI.Test", "SocialAI.Test\SocialAI.Test.csproj", "{76C3C71D-5AF4-4BDE-AE85-764E2B6D4F6C}"
EndProject
Global
	GlobalSection(SolutionConfigurationPlatforms) = preSolution
		Debug|Any CPU = Debug|Any CPU
		Release|Any CPU = Release|Any CPU
	EndGlobalSection
	GlobalSection(ProjectConfigurationPlatforms) = postSolution
		{556CF584-B30E-4F6C-BCDE-57CAFA09D01D}.Debug|Any CPU.ActiveCfg = Debug|Any CPU
		{556CF584-B30E-4F6C-BCDE-57CAFA09D01D}.Debug|Any CPU.Build.0 = Debug|Any CPU
		{556CF584-B30E-4F6C-BCDE-57CAFA09D01D}.Release|Any CPU.ActiveCfg = Release|Any CPU
		{556CF584-B30E-4F6C-BCDE-57CAFA09D01D}.Release|Any CPU.Build.0 = Release|Any CPU
		{76C3C71D-5AF4-4BDE-AE85-764E2B6D4F6C}.Debug|Any CPU.ActiveCfg = Debug|Any CPU
		{76C3C71D-5AF4-4BDE-AE85-764E2B6D4F6C}.Debug|Any CPU.Build.0 = Debug|Any CPU
		{76C3C71D-5AF4-4BDE-AE85-764E2B6D4F6C}.Release|Any CPU.ActiveCfg = Release|Any CPU
		{76C3C71D-5AF4-4BDE-AE85-764E2B6D4F6C}.Release|Any CPU.Build.0 = Release|Any CPU
	EndGlobalSection
	GlobalSection(SolutionProperties) = preSolution
		HideSolutionNode = FALSE
	EndGlobalSection
	GlobalSection(ExtensibilityGlobals) = postSolution
		SolutionGuid = {4C83A5C7-25EC-4CA1-9E60-19BAA465F7C3}
	EndGlobalSection
EndGlobal
